
Microsoft Visual Studio Solution File, Format Version 12.00
# Visual Studio Version 17
VisualStudioVersion = 17.4.33205.214
MinimumVisualStudioVersion = 10.0.40219.1
Project("{2150E333-8FDC-42A3-9474-1A3956D46DE8}") = "1-Application", "1-Application", "{D61ECD0E-FDDA-47C5-953B-DE35CDBDB730}"
EndProject
Project("{9A19103F-16F7-4668-BE54-9A1E7A4F7556}") = "AppReact", "AppReact\AppReact.csproj", "{0B334EC2-CC1F-4AC7-BEA6-38CF9023543C}"
EndProject
Global
	GlobalSection(SolutionConfigurationPlatforms) = preSolution
		Debug|Any CPU = Debug|Any CPU
		Release|Any CPU = Release|Any CPU
	EndGlobalSection
	GlobalSection(ProjectConfigurationPlatforms) = postSolution
		{0B334EC2-CC1F-4AC7-BEA6-38CF9023543C}.Debug|Any CPU.ActiveCfg = Debug|Any CPU
		{0B334EC2-CC1F-4AC7-BEA6-38CF9023543C}.Debug|Any CPU.Build.0 = Debug|Any CPU
		{0B334EC2-CC1F-4AC7-BEA6-38CF9023543C}.Release|Any CPU.ActiveCfg = Release|Any CPU
		{0B334EC2-CC1F-4AC7-BEA6-38CF9023543C}.Release|Any CPU.Build.0 = Release|Any CPU
	EndGlobalSection
	GlobalSection(SolutionProperties) = preSolution
		HideSolutionNode = FALSE
	EndGlobalSection
	GlobalSection(NestedProjects) = preSolution
		{0B334EC2-CC1F-4AC7-BEA6-38CF9023543C} = {D61ECD0E-FDDA-47C5-953B-DE35CDBDB730}
	EndGlobalSection
	GlobalSection(ExtensibilityGlobals) = postSolution
		SolutionGuid = {1E1F5FA9-4C3D-4B0D-B5A3-7826054CC480}
	EndGlobalSection
EndGlobal
